
Microsoft Visual Studio Solution File, Format Version 12.00
# Visual Studio Version 16
VisualStudioVersion = 16.0.32802.440
MinimumVisualStudioVersion = 10.0.40219.1
Project("{FAE04EC0-301F-11D3-BF4B-00C04F79EFBC}") = "LearnBasicAuth", "LearnBasicAuth\LearnBasicAuth.csproj", "{1DCCB235-4AAB-41A1-A72D-22E2CF713363}"
EndProject
Global
	GlobalSection(SolutionConfigurationPlatforms) = preSolution
		Debug|Any CPU = Debug|Any CPU
		Release|Any CPU = Release|Any CPU
	EndGlobalSection
	GlobalSection(ProjectConfigurationPlatforms) = postSolution
		{1DCCB235-4AAB-41A1-A72D-22E2CF713363}.Debug|Any CPU.ActiveCfg = Debug|Any CPU
		{1DCCB235-4AAB-41A1-A72D-22E2CF713363}.Debug|Any CPU.Build.0 = Debug|Any CPU
		{1DCCB235-4AAB-41A1-A72D-22E2CF713363}.Release|Any CPU.ActiveCfg = Release|Any CPU
		{1DCCB235-4AAB-41A1-A72D-22E2CF713363}.Release|Any CPU.Build.0 = Release|Any CPU
	EndGlobalSection
	GlobalSection(SolutionProperties) = preSolution
		HideSolutionNode = FALSE
	EndGlobalSection
	GlobalSection(ExtensibilityGlobals) = postSolution
		SolutionGuid = {39B9ABA2-6780-4C6A-89D9-49C9A1E1750C}
	EndGlobalSection
EndGlobal
